
Microsoft Visual Studio Solution File, Format Version 12.00
# Visual Studio Version 17
VisualStudioVersion = 17.11.35312.102
MinimumVisualStudioVersion = 10.0.40219.1
Project("{FAE04EC0-301F-11D3-BF4B-00C04F79EFBC}") = "Fantasy.Backend", "Fantasy.Backend\Fantasy.Backend.csproj", "{D94EBB03-530F-4373-8212-F883F895E261}"
EndProject
Project("{FAE04EC0-301F-11D3-BF4B-00C04F79EFBC}") = "Fantasy.Frontend", "Fantasy.Frontend\Fantasy.Frontend.csproj", "{DFFC0181-5489-4015-93DD-6D39F1EEA1B0}"
EndProject
Project("{FAE04EC0-301F-11D3-BF4B-00C04F79EFBC}") = "Fantasy.Shared", "Fantasy.Shared\Fantasy.Shared.csproj", "{2F4B67E0-BA41-4035-B121-9A5FFB42E09C}"
EndProject
Global
	GlobalSection(SolutionConfigurationPlatforms) = preSolution
		Debug|Any CPU = Debug|Any CPU
		Release|Any CPU = Release|Any CPU
	EndGlobalSection
	GlobalSection(ProjectConfigurationPlatforms) = postSolution
		{D94EBB03-530F-4373-8212-F883F895E261}.Debug|Any CPU.ActiveCfg = Debug|Any CPU
		{D94EBB03-530F-4373-8212-F883F895E261}.Debug|Any CPU.Build.0 = Debug|Any CPU
		{D94EBB03-530F-4373-8212-F883F895E261}.Release|Any CPU.ActiveCfg = Release|Any CPU
		{D94EBB03-530F-4373-8212-F883F895E261}.Release|Any CPU.Build.0 = Release|Any CPU
		{DFFC0181-5489-4015-93DD-6D39F1EEA1B0}.Debug|Any CPU.ActiveCfg = Debug|Any CPU
		{DFFC0181-5489-4015-93DD-6D39F1EEA1B0}.Debug|Any CPU.Build.0 = Debug|Any CPU
		{DFFC0181-5489-4015-93DD-6D39F1EEA1B0}.Release|Any CPU.ActiveCfg = Release|Any CPU
		{DFFC0181-5489-4015-93DD-6D39F1EEA1B0}.Release|Any CPU.Build.0 = Release|Any CPU
		{2F4B67E0-BA41-4035-B121-9A5FFB42E09C}.Debug|Any CPU.ActiveCfg = Debug|Any CPU
		{2F4B67E0-BA41-4035-B121-9A5FFB42E09C}.Debug|Any CPU.Build.0 = Debug|Any CPU
		{2F4B67E0-BA41-4035-B121-9A5FFB42E09C}.Release|Any CPU.ActiveCfg = Release|Any CPU
		{2F4B67E0-BA41-4035-B121-9A5FFB42E09C}.Release|Any CPU.Build.0 = Release|Any CPU
	EndGlobalSection
	GlobalSection(SolutionProperties) = preSolution
		HideSolutionNode = FALSE
	EndGlobalSection
	GlobalSection(ExtensibilityGlobals) = postSolution
		SolutionGuid = {5CECBE2B-F43F-4184-B13A-7E7CA6DF419E}
	EndGlobalSection
EndGlobal
